
Microsoft Visual Studio Solution File, Format Version 12.00
# Visual Studio Version 16
VisualStudioVersion = 16.0.30804.86
MinimumVisualStudioVersion = 10.0.40219.1
Project("{FAE04EC0-301F-11D3-BF4B-00C04F79EFBC}") = "SupermarketPricingApp", "SupermarketPricingApp\SupermarketPricingApp.csproj", "{F69DA5AE-BE66-48E6-AA0D-F70B46CB7808}"
EndProject
Project("{FAE04EC0-301F-11D3-BF4B-00C04F79EFBC}") = "SupermarketPricingUnitTest", "SupermarketPricingUnitTest\SupermarketPricingUnitTest.csproj", "{4AB0A71F-5FB2-4CF7-8F73-88A5E15FA996}"
EndProject
Project("{FAE04EC0-301F-11D3-BF4B-00C04F79EFBC}") = "SupermarketPricingLibrary", "SupermarketPricingLibrary\SupermarketPricingLibrary.csproj", "{F4A07C8D-9BFB-4A0F-AA0F-95BBDC96E3DD}"
EndProject
Global
	GlobalSection(SolutionConfigurationPlatforms) = preSolution
		Debug|Any CPU = Debug|Any CPU
		Release|Any CPU = Release|Any CPU
	EndGlobalSection
	GlobalSection(ProjectConfigurationPlatforms) = postSolution
		{F69DA5AE-BE66-48E6-AA0D-F70B46CB7808}.Debug|Any CPU.ActiveCfg = Debug|Any CPU
		{F69DA5AE-BE66-48E6-AA0D-F70B46CB7808}.Debug|Any CPU.Build.0 = Debug|Any CPU
		{F69DA5AE-BE66-48E6-AA0D-F70B46CB7808}.Release|Any CPU.ActiveCfg = Release|Any CPU
		{F69DA5AE-BE66-48E6-AA0D-F70B46CB7808}.Release|Any CPU.Build.0 = Release|Any CPU
		{4AB0A71F-5FB2-4CF7-8F73-88A5E15FA996}.Debug|Any CPU.ActiveCfg = Debug|Any CPU
		{4AB0A71F-5FB2-4CF7-8F73-88A5E15FA996}.Debug|Any CPU.Build.0 = Debug|Any CPU
		{4AB0A71F-5FB2-4CF7-8F73-88A5E15FA996}.Release|Any CPU.ActiveCfg = Release|Any CPU
		{4AB0A71F-5FB2-4CF7-8F73-88A5E15FA996}.Release|Any CPU.Build.0 = Release|Any CPU
		{F4A07C8D-9BFB-4A0F-AA0F-95BBDC96E3DD}.Debug|Any CPU.ActiveCfg = Debug|Any CPU
		{F4A07C8D-9BFB-4A0F-AA0F-95BBDC96E3DD}.Debug|Any CPU.Build.0 = Debug|Any CPU
		{F4A07C8D-9BFB-4A0F-AA0F-95BBDC96E3DD}.Release|Any CPU.ActiveCfg = Release|Any CPU
		{F4A07C8D-9BFB-4A0F-AA0F-95BBDC96E3DD}.Release|Any CPU.Build.0 = Release|Any CPU
	EndGlobalSection
	GlobalSection(SolutionProperties) = preSolution
		HideSolutionNode = FALSE
	EndGlobalSection
	GlobalSection(ExtensibilityGlobals) = postSolution
		SolutionGuid = {96FA736E-729F-4A72-9026-2130D32FC107}
	EndGlobalSection
EndGlobal
